
Microsoft Visual Studio Solution File, Format Version 12.00
# Visual Studio Version 17
VisualStudioVersion = 17.9.34728.123
MinimumVisualStudioVersion = 10.0.40219.1
Project("{FAE04EC0-301F-11D3-BF4B-00C04F79EFBC}") = "BulkyBookWeb", "BulkyBookWeb\BulkyBookWeb.csproj", "{47E17D84-13DE-4CED-9298-0DDBEAE0FAAE}"
EndProject
Global
	GlobalSection(SolutionConfigurationPlatforms) = preSolution
		Debug|Any CPU = Debug|Any CPU
		Release|Any CPU = Release|Any CPU
	EndGlobalSection
	GlobalSection(ProjectConfigurationPlatforms) = postSolution
		{47E17D84-13DE-4CED-9298-0DDBEAE0FAAE}.Debug|Any CPU.ActiveCfg = Debug|Any CPU
		{47E17D84-13DE-4CED-9298-0DDBEAE0FAAE}.Debug|Any CPU.Build.0 = Debug|Any CPU
		{47E17D84-13DE-4CED-9298-0DDBEAE0FAAE}.Release|Any CPU.ActiveCfg = Release|Any CPU
		{47E17D84-13DE-4CED-9298-0DDBEAE0FAAE}.Release|Any CPU.Build.0 = Release|Any CPU
	EndGlobalSection
	GlobalSection(SolutionProperties) = preSolution
		HideSolutionNode = FALSE
	EndGlobalSection
	GlobalSection(ExtensibilityGlobals) = postSolution
		SolutionGuid = {C5277F82-B802-4C74-96D7-3ECF06B4EBF4}
	EndGlobalSection
EndGlobal
